
Microsoft Visual Studio Solution File, Format Version 12.00
# Visual Studio Version 17
VisualStudioVersion = 17.4.33006.217
MinimumVisualStudioVersion = 10.0.40219.1
Project("{9A19103F-16F7-4668-BE54-9A1E7A4F7556}") = "SocialNetwork", "SocialNetwork\SocialNetwork.csproj", "{74E2BAD8-93F2-44FF-83C8-54D2BAA849C5}"
EndProject
Project("{FAE04EC0-301F-11D3-BF4B-00C04F79EFBC}") = "SocialNetwork.DataLayer", "SocialNetwork.DataLayer\SocialNetwork.DataLayer.csproj", "{0FDDEC18-D3D7-40CD-AC9C-A5A2D3529770}"
EndProject
Global
	GlobalSection(SolutionConfigurationPlatforms) = preSolution
		Debug|Any CPU = Debug|Any CPU
		Release|Any CPU = Release|Any CPU
	EndGlobalSection
	GlobalSection(ProjectConfigurationPlatforms) = postSolution
		{74E2BAD8-93F2-44FF-83C8-54D2BAA849C5}.Debug|Any CPU.ActiveCfg = Debug|Any CPU
		{74E2BAD8-93F2-44FF-83C8-54D2BAA849C5}.Debug|Any CPU.Build.0 = Debug|Any CPU
		{74E2BAD8-93F2-44FF-83C8-54D2BAA849C5}.Release|Any CPU.ActiveCfg = Release|Any CPU
		{74E2BAD8-93F2-44FF-83C8-54D2BAA849C5}.Release|Any CPU.Build.0 = Release|Any CPU
		{0FDDEC18-D3D7-40CD-AC9C-A5A2D3529770}.Debug|Any CPU.ActiveCfg = Debug|Any CPU
		{0FDDEC18-D3D7-40CD-AC9C-A5A2D3529770}.Debug|Any CPU.Build.0 = Debug|Any CPU
		{0FDDEC18-D3D7-40CD-AC9C-A5A2D3529770}.Release|Any CPU.ActiveCfg = Release|Any CPU
		{0FDDEC18-D3D7-40CD-AC9C-A5A2D3529770}.Release|Any CPU.Build.0 = Release|Any CPU
	EndGlobalSection
	GlobalSection(SolutionProperties) = preSolution
		HideSolutionNode = FALSE
	EndGlobalSection
	GlobalSection(ExtensibilityGlobals) = postSolution
		SolutionGuid = {BBCF7B01-41A8-4E82-AB79-0F55E0D037D0}
	EndGlobalSection
EndGlobal
